
Microsoft Visual Studio Solution File, Format Version 12.00
# Visual Studio Version 17
VisualStudioVersion = 17.8.34525.116
MinimumVisualStudioVersion = 10.0.40219.1
Project("{FAE04EC0-301F-11D3-BF4B-00C04F79EFBC}") = "RinhaDeBackend", "RinhaDeBackend\RinhaDeBackend.csproj", "{0D1C1F15-2119-4EEA-B40F-61AD3A228B19}"
EndProject
Global
	GlobalSection(SolutionConfigurationPlatforms) = preSolution
		Debug|Any CPU = Debug|Any CPU
		Release|Any CPU = Release|Any CPU
	EndGlobalSection
	GlobalSection(ProjectConfigurationPlatforms) = postSolution
		{0D1C1F15-2119-4EEA-B40F-61AD3A228B19}.Debug|Any CPU.ActiveCfg = Debug|Any CPU
		{0D1C1F15-2119-4EEA-B40F-61AD3A228B19}.Debug|Any CPU.Build.0 = Debug|Any CPU
		{0D1C1F15-2119-4EEA-B40F-61AD3A228B19}.Release|Any CPU.ActiveCfg = Release|Any CPU
		{0D1C1F15-2119-4EEA-B40F-61AD3A228B19}.Release|Any CPU.Build.0 = Release|Any CPU
	EndGlobalSection
	GlobalSection(SolutionProperties) = preSolution
		HideSolutionNode = FALSE
	EndGlobalSection
	GlobalSection(ExtensibilityGlobals) = postSolution
		SolutionGuid = {1B8BE557-7852-4717-9581-9EA052EB99DB}
	EndGlobalSection
EndGlobal
